
Microsoft Visual Studio Solution File, Format Version 12.00
# Visual Studio Version 16
VisualStudioVersion = 16.0.30406.217
MinimumVisualStudioVersion = 10.0.40219.1
Project("{9A19103F-16F7-4668-BE54-9A1E7A4F7556}") = "TinkoffTest1", "TinkoffTest1\TinkoffTest1.csproj", "{87D3F705-913C-495D-82F5-3F2C3CB4864B}"
EndProject
Project("{FAE04EC0-301F-11D3-BF4B-00C04F79EFBC}") = "TinkoffTestUnitTestProject", "TinkoffTestUnitTestProject\TinkoffTestUnitTestProject.csproj", "{10F51B10-9249-42EE-B15F-526E4E6A55BC}"
EndProject
Global
	GlobalSection(SolutionConfigurationPlatforms) = preSolution
		Debug|Any CPU = Debug|Any CPU
		Release|Any CPU = Release|Any CPU
	EndGlobalSection
	GlobalSection(ProjectConfigurationPlatforms) = postSolution
		{87D3F705-913C-495D-82F5-3F2C3CB4864B}.Debug|Any CPU.ActiveCfg = Debug|Any CPU
		{87D3F705-913C-495D-82F5-3F2C3CB4864B}.Debug|Any CPU.Build.0 = Debug|Any CPU
		{87D3F705-913C-495D-82F5-3F2C3CB4864B}.Release|Any CPU.ActiveCfg = Release|Any CPU
		{87D3F705-913C-495D-82F5-3F2C3CB4864B}.Release|Any CPU.Build.0 = Release|Any CPU
		{10F51B10-9249-42EE-B15F-526E4E6A55BC}.Debug|Any CPU.ActiveCfg = Debug|Any CPU
		{10F51B10-9249-42EE-B15F-526E4E6A55BC}.Debug|Any CPU.Build.0 = Debug|Any CPU
		{10F51B10-9249-42EE-B15F-526E4E6A55BC}.Release|Any CPU.ActiveCfg = Release|Any CPU
		{10F51B10-9249-42EE-B15F-526E4E6A55BC}.Release|Any CPU.Build.0 = Release|Any CPU
	EndGlobalSection
	GlobalSection(SolutionProperties) = preSolution
		HideSolutionNode = FALSE
	EndGlobalSection
	GlobalSection(ExtensibilityGlobals) = postSolution
		SolutionGuid = {F0D314F9-1D6D-4919-976D-CE7BBDDF4036}
	EndGlobalSection
EndGlobal
